
Microsoft Visual Studio Solution File, Format Version 12.00
# Visual Studio Version 17
VisualStudioVersion = 17.11.35222.181
MinimumVisualStudioVersion = 10.0.40219.1
Project("{2150E333-8FDC-42A3-9474-1A3956D46DE8}") = "Application", "Application", "{8EFF1AD5-D6BF-409B-82DB-BA1E6BA2E59C}"
EndProject
Project("{2150E333-8FDC-42A3-9474-1A3956D46DE8}") = "Infrastructure.Data", "Infrastructure.Data", "{975C0D06-21BE-4B6B-AC95-21CF7621EE71}"
EndProject
Project("{2150E333-8FDC-42A3-9474-1A3956D46DE8}") = "Domain", "Domain", "{DBE25681-EBA8-4C7D-8583-C82209D79D87}"
EndProject
Project("{2150E333-8FDC-42A3-9474-1A3956D46DE8}") = "Infrastructure.IoC", "Infrastructure.IoC", "{CB8E56AA-1376-4AB9-ACB0-0C00A9242EDD}"
EndProject
Project("{2150E333-8FDC-42A3-9474-1A3956D46DE8}") = "UI.Mvc", "UI.Mvc", "{342932C4-717F-43B6-88DA-388E1E105432}"
EndProject
Global
	GlobalSection(SolutionProperties) = preSolution
		HideSolutionNode = FALSE
	EndGlobalSection
	GlobalSection(ExtensibilityGlobals) = postSolution
		SolutionGuid = {E4F87AC5-9A44-45CF-956A-81A97ED1FAAC}
	EndGlobalSection
EndGlobal
